<?xml version="1.0" encoding="UTF-8"?>
<Scheme
   version = "1.3">
   <BuildAction>
      <BuildActionEntries>
         <BuildActionEntry
            buildForRunning = "YES">
            <BuildableReference
               BuildableIdentifier = "primary"
               BlueprintIdentifier = "F8861841E36F4F6532D55431"
               BuildableName = "swift-wkwebview.app"
               BlueprintName = "swift-wkwebview"
               ReferencedContainer = "container:swift-wkwebview.xcodeproj">
            </BuildableReference>
         </BuildActionEntry>
      </BuildActionEntries>
   </BuildAction>
   <LaunchAction
      useCustomWorkingDirectory = "NO"
      buildConfiguration = "Debug">
      <BuildableProductRunnable>
         <BuildableReference
            BuildableIdentifier = "primary"
            BlueprintIdentifier = "F8861841E36F4F6532D55431"
            BuildableName = "swift-wkwebview.app"
            BlueprintName = "swift-wkwebview"
            ReferencedContainer = "container:swift-wkwebview.xcodeproj">
         </BuildableReference>
      </BuildableProductRunnable>
   </LaunchAction>
</Scheme>
